
Microsoft Visual Studio Solution File, Format Version 12.00
# Visual Studio Version 16
VisualStudioVersion = 16.0.31005.135
MinimumVisualStudioVersion = 10.0.40219.1
Project("{FAE04EC0-301F-11D3-BF4B-00C04F79EFBC}") = "Library", "library\Library.csproj", "{83ADEBE5-0411-4FDC-BB79-F5455809B7BC}"
EndProject
Project("{FAE04EC0-301F-11D3-BF4B-00C04F79EFBC}") = "DataLayer", "DataLayer\DataLayer.csproj", "{B8874DC9-AF3F-4F94-8C9E-578DA0782623}"
EndProject
Global
	GlobalSection(SolutionConfigurationPlatforms) = preSolution
		Debug|Any CPU = Debug|Any CPU
		Release|Any CPU = Release|Any CPU
	EndGlobalSection
	GlobalSection(ProjectConfigurationPlatforms) = postSolution
		{83ADEBE5-0411-4FDC-BB79-F5455809B7BC}.Debug|Any CPU.ActiveCfg = Debug|Any CPU
		{83ADEBE5-0411-4FDC-BB79-F5455809B7BC}.Debug|Any CPU.Build.0 = Debug|Any CPU
		{83ADEBE5-0411-4FDC-BB79-F5455809B7BC}.Release|Any CPU.ActiveCfg = Release|Any CPU
		{83ADEBE5-0411-4FDC-BB79-F5455809B7BC}.Release|Any CPU.Build.0 = Release|Any CPU
		{B8874DC9-AF3F-4F94-8C9E-578DA0782623}.Debug|Any CPU.ActiveCfg = Debug|Any CPU
		{B8874DC9-AF3F-4F94-8C9E-578DA0782623}.Debug|Any CPU.Build.0 = Debug|Any CPU
		{B8874DC9-AF3F-4F94-8C9E-578DA0782623}.Release|Any CPU.ActiveCfg = Release|Any CPU
		{B8874DC9-AF3F-4F94-8C9E-578DA0782623}.Release|Any CPU.Build.0 = Release|Any CPU
	EndGlobalSection
	GlobalSection(SolutionProperties) = preSolution
		HideSolutionNode = FALSE
	EndGlobalSection
	GlobalSection(ExtensibilityGlobals) = postSolution
		SolutionGuid = {7D37C472-DA3C-430A-BF92-EA13BC0F6740}
	EndGlobalSection
EndGlobal
